
Microsoft Visual Studio Solution File, Format Version 12.00
# Visual Studio Version 16
VisualStudioVersion = 16.0.29025.244
MinimumVisualStudioVersion = 10.0.40219.1
Project("{9A19103F-16F7-4668-BE54-9A1E7A4F7556}") = "VendingMachine.Web", "web\VendingMachine.Web.csproj", "{A7BF9607-1073-4F12-89D2-F80C489C322E}"
EndProject
Project("{9A19103F-16F7-4668-BE54-9A1E7A4F7556}") = "VendingMachine.Iot", "iot\VendingMachine.Iot.csproj", "{5208C379-FCBC-4F81-B4D2-23A84B60BAB2}"
EndProject
Global
	GlobalSection(SolutionConfigurationPlatforms) = preSolution
		Debug|Any CPU = Debug|Any CPU
		Release|Any CPU = Release|Any CPU
	EndGlobalSection
	GlobalSection(ProjectConfigurationPlatforms) = postSolution
		{A7BF9607-1073-4F12-89D2-F80C489C322E}.Debug|Any CPU.ActiveCfg = Debug|Any CPU
		{A7BF9607-1073-4F12-89D2-F80C489C322E}.Debug|Any CPU.Build.0 = Debug|Any CPU
		{A7BF9607-1073-4F12-89D2-F80C489C322E}.Release|Any CPU.ActiveCfg = Release|Any CPU
		{A7BF9607-1073-4F12-89D2-F80C489C322E}.Release|Any CPU.Build.0 = Release|Any CPU
		{5208C379-FCBC-4F81-B4D2-23A84B60BAB2}.Debug|Any CPU.ActiveCfg = Debug|Any CPU
		{5208C379-FCBC-4F81-B4D2-23A84B60BAB2}.Debug|Any CPU.Build.0 = Debug|Any CPU
		{5208C379-FCBC-4F81-B4D2-23A84B60BAB2}.Release|Any CPU.ActiveCfg = Release|Any CPU
		{5208C379-FCBC-4F81-B4D2-23A84B60BAB2}.Release|Any CPU.Build.0 = Release|Any CPU
	EndGlobalSection
	GlobalSection(SolutionProperties) = preSolution
		HideSolutionNode = FALSE
	EndGlobalSection
	GlobalSection(ExtensibilityGlobals) = postSolution
		SolutionGuid = {2ADC05BA-EB02-4EE5-A4BB-D2F2669ED3A5}
	EndGlobalSection
EndGlobal
